{
  "name": "juego",
  "lockfileVersion": 3,
  "requires": true,
  "packages": {
    "": {
      "dependencies": {
        "game": "^1.0.3"
      }
    },
    "node_modules/game": {
      "version": "1.0.3",
      "resolved": "https://registry.npmjs.org/game/-/game-1.0.3.tgz",
      "integrity": "sha512-bcUubwZ21jgnVdCz9QY9ddIIhi1OwzZBa8jiUhEHCAvS8rsGR6W6BSSXFCK5Fzk9tDznQtbUgbm4ZtERBk8zlw=="
    }
  }
}
